
Microsoft Visual Studio Solution File, Format Version 12.00
# Visual Studio Version 16
VisualStudioVersion = 16.0.29411.108
MinimumVisualStudioVersion = 10.0.40219.1
Project("{FAE04EC0-301F-11D3-BF4B-00C04F79EFBC}") = "nullable_value_types_ar", "nullable_value_types_ar.csproj", "{DEBCAE8D-2C16-478D-834F-5DAA4DF94A12}"
EndProject
Global
	GlobalSection(SolutionConfigurationPlatforms) = preSolution
		Debug|Any CPU = Debug|Any CPU
		Release|Any CPU = Release|Any CPU
	EndGlobalSection
	GlobalSection(ProjectConfigurationPlatforms) = postSolution
		{DEBCAE8D-2C16-478D-834F-5DAA4DF94A12}.Debug|Any CPU.ActiveCfg = Debug|Any CPU
		{DEBCAE8D-2C16-478D-834F-5DAA4DF94A12}.Debug|Any CPU.Build.0 = Debug|Any CPU
		{DEBCAE8D-2C16-478D-834F-5DAA4DF94A12}.Release|Any CPU.ActiveCfg = Release|Any CPU
		{DEBCAE8D-2C16-478D-834F-5DAA4DF94A12}.Release|Any CPU.Build.0 = Release|Any CPU
	EndGlobalSection
	GlobalSection(SolutionProperties) = preSolution
		HideSolutionNode = FALSE
	EndGlobalSection
	GlobalSection(ExtensibilityGlobals) = postSolution
		SolutionGuid = {900DD3EE-2B15-4282-831D-B30236DA7A3C}
	EndGlobalSection
EndGlobal
